
Microsoft Visual Studio Solution File, Format Version 12.00
# Visual Studio Version 17
VisualStudioVersion = 17.6.33815.320
MinimumVisualStudioVersion = 10.0.40219.1
Project("{FAE04EC0-301F-11D3-BF4B-00C04F79EFBC}") = "ExtensionMethodCSharp", "ExtensionMethodCSharp\ExtensionMethodCSharp.csproj", "{FCF69245-90C3-48DE-B49D-9BFA9F7589F8}"
EndProject
Global
	GlobalSection(SolutionConfigurationPlatforms) = preSolution
		Debug|Any CPU = Debug|Any CPU
		Release|Any CPU = Release|Any CPU
	EndGlobalSection
	GlobalSection(ProjectConfigurationPlatforms) = postSolution
		{FCF69245-90C3-48DE-B49D-9BFA9F7589F8}.Debug|Any CPU.ActiveCfg = Debug|Any CPU
		{FCF69245-90C3-48DE-B49D-9BFA9F7589F8}.Debug|Any CPU.Build.0 = Debug|Any CPU
		{FCF69245-90C3-48DE-B49D-9BFA9F7589F8}.Release|Any CPU.ActiveCfg = Release|Any CPU
		{FCF69245-90C3-48DE-B49D-9BFA9F7589F8}.Release|Any CPU.Build.0 = Release|Any CPU
	EndGlobalSection
	GlobalSection(SolutionProperties) = preSolution
		HideSolutionNode = FALSE
	EndGlobalSection
	GlobalSection(ExtensibilityGlobals) = postSolution
		SolutionGuid = {6595E62A-B804-41FD-AD20-380C73865824}
	EndGlobalSection
EndGlobal
